
Microsoft Visual Studio Solution File, Format Version 12.00
# Visual Studio 15
VisualStudioVersion = 15.0.26206.0
MinimumVisualStudioVersion = 10.0.40219.1
Project("{FAE04EC0-301F-11D3-BF4B-00C04F79EFBC}") = "Cube.Forms", "Libraries\Cube.Forms.csproj", "{C305E44A-3F6C-4662-A111-0F146A7E2842}"
EndProject
Project("{FAE04EC0-301F-11D3-BF4B-00C04F79EFBC}") = "Cube.Forms.Demo", "Demo\Cube.Forms.Demo.csproj", "{CD817AF6-6289-44F1-9A82-820308191DC0}"
EndProject
Global
	GlobalSection(SolutionConfigurationPlatforms) = preSolution
		Debug|Any CPU = Debug|Any CPU
		Release|Any CPU = Release|Any CPU
	EndGlobalSection
	GlobalSection(ProjectConfigurationPlatforms) = postSolution
		{C305E44A-3F6C-4662-A111-0F146A7E2842}.Debug|Any CPU.ActiveCfg = Debug|Any CPU
		{C305E44A-3F6C-4662-A111-0F146A7E2842}.Debug|Any CPU.Build.0 = Debug|Any CPU
		{C305E44A-3F6C-4662-A111-0F146A7E2842}.Release|Any CPU.ActiveCfg = Release|Any CPU
		{C305E44A-3F6C-4662-A111-0F146A7E2842}.Release|Any CPU.Build.0 = Release|Any CPU
		{CD817AF6-6289-44F1-9A82-820308191DC0}.Debug|Any CPU.ActiveCfg = Debug|Any CPU
		{CD817AF6-6289-44F1-9A82-820308191DC0}.Debug|Any CPU.Build.0 = Debug|Any CPU
		{CD817AF6-6289-44F1-9A82-820308191DC0}.Release|Any CPU.ActiveCfg = Release|Any CPU
		{CD817AF6-6289-44F1-9A82-820308191DC0}.Release|Any CPU.Build.0 = Release|Any CPU
	EndGlobalSection
	GlobalSection(SolutionProperties) = preSolution
		HideSolutionNode = FALSE
	EndGlobalSection
EndGlobal
