
Microsoft Visual Studio Solution File, Format Version 12.00
# Visual Studio Version 17
VisualStudioVersion = 17.2.32602.215
MinimumVisualStudioVersion = 10.0.40219.1
Project("{2150E333-8FDC-42A3-9474-1A3956D46DE8}") = "Libraries", "Libraries", "{A256DC50-E0BF-4702-87FE-8927F37DD978}"
EndProject
Project("{9A19103F-16F7-4668-BE54-9A1E7A4F7556}") = "Cube.Core", "Libraries\Core\Cube.Core.csproj", "{4E3BDEFA-B4C7-4AAC-8148-FF03044E0CA4}"
EndProject
Project("{9A19103F-16F7-4668-BE54-9A1E7A4F7556}") = "Cube.Forms", "Libraries\Forms\Core\Cube.Forms.csproj", "{AFC2EF89-8695-4712-92BB-05AE0F982812}"
EndProject
Project("{9A19103F-16F7-4668-BE54-9A1E7A4F7556}") = "Cube.Forms.Controls", "Libraries\Forms\Controls\Cube.Forms.Controls.csproj", "{9949E0C0-F1D1-410B-9AD2-DE60F9C98CF2}"
EndProject
Project("{9A19103F-16F7-4668-BE54-9A1E7A4F7556}") = "Cube.Xui", "Libraries\Xui\Cube.Xui.csproj", "{1625EA91-9031-48CE-9D5C-20100B137B2C}"
EndProject
Project("{9A19103F-16F7-4668-BE54-9A1E7A4F7556}") = "Cube.FileSystem.AlphaFS", "Libraries\AlphaFS\Cube.FileSystem.AlphaFS.csproj", "{B0C3224E-6BA2-434E-B9F9-8DE45A4095A5}"
EndProject
Project("{9A19103F-16F7-4668-BE54-9A1E7A4F7556}") = "Cube.Logging.NLog", "Libraries\NLog\Cube.Logging.NLog.csproj", "{930CEE46-BFE9-4149-910E-4C4725CD305C}"
EndProject
Project("{9A19103F-16F7-4668-BE54-9A1E7A4F7556}") = "Cube.Trick", "Libraries\Trick\Cube.Trick.csproj", "{3569CFCD-5B8F-4E39-8292-33BFC49DE927}"
EndProject
Project("{9A19103F-16F7-4668-BE54-9A1E7A4F7556}") = "Cube.Private.Tests", "Libraries\Tests\Cube.Private.Tests.csproj", "{8E1FF307-C59B-428D-9769-9A53B4CB81A4}"
EndProject
Project("{2150E333-8FDC-42A3-9474-1A3956D46DE8}") = "Tests", "Tests", "{B027E4C1-51EA-4907-9A4B-C483824CF3C8}"
EndProject
Project("{9A19103F-16F7-4668-BE54-9A1E7A4F7556}") = "Cube.Core.Tests", "Tests\Core\Cube.Core.Tests.csproj", "{922E9CB4-168D-4D66-BCBD-4A6D8C5F50E6}"
EndProject
Project("{9A19103F-16F7-4668-BE54-9A1E7A4F7556}") = "Cube.FileSystem.Tests", "Tests\FileSystem\Cube.FileSystem.Tests.csproj", "{ED3AB5F1-941D-4D8F-99BF-3034BCA4CDA6}"
EndProject
Project("{9A19103F-16F7-4668-BE54-9A1E7A4F7556}") = "Cube.Xui.Tests", "Tests\Xui\Cube.Xui.Tests.csproj", "{16A8B366-A1FD-44A9-9266-4589145B468E}"
EndProject
Project("{2150E333-8FDC-42A3-9474-1A3956D46DE8}") = "Applications", "Applications", "{E7148165-B443-4920-8D92-9C43BB2979B3}"
EndProject
Project("{9A19103F-16F7-4668-BE54-9A1E7A4F7556}") = "Cube.Forms.Demo", "Applications\Forms\Cube.Forms.Demo.csproj", "{529F1F53-84C4-4DB9-B357-CBF3F30C9522}"
EndProject
Global
	GlobalSection(SolutionConfigurationPlatforms) = preSolution
		Debug|Any CPU = Debug|Any CPU
		Release|Any CPU = Release|Any CPU
	EndGlobalSection
	GlobalSection(ProjectConfigurationPlatforms) = postSolution
		{4E3BDEFA-B4C7-4AAC-8148-FF03044E0CA4}.Debug|Any CPU.ActiveCfg = Debug|Any CPU
		{4E3BDEFA-B4C7-4AAC-8148-FF03044E0CA4}.Debug|Any CPU.Build.0 = Debug|Any CPU
		{4E3BDEFA-B4C7-4AAC-8148-FF03044E0CA4}.Release|Any CPU.ActiveCfg = Release|Any CPU
		{4E3BDEFA-B4C7-4AAC-8148-FF03044E0CA4}.Release|Any CPU.Build.0 = Release|Any CPU
		{AFC2EF89-8695-4712-92BB-05AE0F982812}.Debug|Any CPU.ActiveCfg = Debug|Any CPU
		{AFC2EF89-8695-4712-92BB-05AE0F982812}.Debug|Any CPU.Build.0 = Debug|Any CPU
		{AFC2EF89-8695-4712-92BB-05AE0F982812}.Release|Any CPU.ActiveCfg = Release|Any CPU
		{AFC2EF89-8695-4712-92BB-05AE0F982812}.Release|Any CPU.Build.0 = Release|Any CPU
		{9949E0C0-F1D1-410B-9AD2-DE60F9C98CF2}.Debug|Any CPU.ActiveCfg = Debug|Any CPU
		{9949E0C0-F1D1-410B-9AD2-DE60F9C98CF2}.Debug|Any CPU.Build.0 = Debug|Any CPU
		{9949E0C0-F1D1-410B-9AD2-DE60F9C98CF2}.Release|Any CPU.ActiveCfg = Release|Any CPU
		{9949E0C0-F1D1-410B-9AD2-DE60F9C98CF2}.Release|Any CPU.Build.0 = Release|Any CPU
		{1625EA91-9031-48CE-9D5C-20100B137B2C}.Debug|Any CPU.ActiveCfg = Debug|Any CPU
		{1625EA91-9031-48CE-9D5C-20100B137B2C}.Debug|Any CPU.Build.0 = Debug|Any CPU
		{1625EA91-9031-48CE-9D5C-20100B137B2C}.Release|Any CPU.ActiveCfg = Release|Any CPU
		{1625EA91-9031-48CE-9D5C-20100B137B2C}.Release|Any CPU.Build.0 = Release|Any CPU
		{B0C3224E-6BA2-434E-B9F9-8DE45A4095A5}.Debug|Any CPU.ActiveCfg = Debug|Any CPU
		{B0C3224E-6BA2-434E-B9F9-8DE45A4095A5}.Debug|Any CPU.Build.0 = Debug|Any CPU
		{B0C3224E-6BA2-434E-B9F9-8DE45A4095A5}.Release|Any CPU.ActiveCfg = Release|Any CPU
		{B0C3224E-6BA2-434E-B9F9-8DE45A4095A5}.Release|Any CPU.Build.0 = Release|Any CPU
		{930CEE46-BFE9-4149-910E-4C4725CD305C}.Debug|Any CPU.ActiveCfg = Debug|Any CPU
		{930CEE46-BFE9-4149-910E-4C4725CD305C}.Debug|Any CPU.Build.0 = Debug|Any CPU
		{930CEE46-BFE9-4149-910E-4C4725CD305C}.Release|Any CPU.ActiveCfg = Release|Any CPU
		{930CEE46-BFE9-4149-910E-4C4725CD305C}.Release|Any CPU.Build.0 = Release|Any CPU
		{3569CFCD-5B8F-4E39-8292-33BFC49DE927}.Debug|Any CPU.ActiveCfg = Debug|Any CPU
		{3569CFCD-5B8F-4E39-8292-33BFC49DE927}.Debug|Any CPU.Build.0 = Debug|Any CPU
		{3569CFCD-5B8F-4E39-8292-33BFC49DE927}.Release|Any CPU.ActiveCfg = Release|Any CPU
		{3569CFCD-5B8F-4E39-8292-33BFC49DE927}.Release|Any CPU.Build.0 = Release|Any CPU
		{8E1FF307-C59B-428D-9769-9A53B4CB81A4}.Debug|Any CPU.ActiveCfg = Debug|Any CPU
		{8E1FF307-C59B-428D-9769-9A53B4CB81A4}.Debug|Any CPU.Build.0 = Debug|Any CPU
		{8E1FF307-C59B-428D-9769-9A53B4CB81A4}.Release|Any CPU.ActiveCfg = Release|Any CPU
		{8E1FF307-C59B-428D-9769-9A53B4CB81A4}.Release|Any CPU.Build.0 = Release|Any CPU
		{922E9CB4-168D-4D66-BCBD-4A6D8C5F50E6}.Debug|Any CPU.ActiveCfg = Debug|Any CPU
		{922E9CB4-168D-4D66-BCBD-4A6D8C5F50E6}.Debug|Any CPU.Build.0 = Debug|Any CPU
		{922E9CB4-168D-4D66-BCBD-4A6D8C5F50E6}.Release|Any CPU.ActiveCfg = Release|Any CPU
		{922E9CB4-168D-4D66-BCBD-4A6D8C5F50E6}.Release|Any CPU.Build.0 = Release|Any CPU
		{ED3AB5F1-941D-4D8F-99BF-3034BCA4CDA6}.Debug|Any CPU.ActiveCfg = Debug|Any CPU
		{ED3AB5F1-941D-4D8F-99BF-3034BCA4CDA6}.Debug|Any CPU.Build.0 = Debug|Any CPU
		{ED3AB5F1-941D-4D8F-99BF-3034BCA4CDA6}.Release|Any CPU.ActiveCfg = Release|Any CPU
		{ED3AB5F1-941D-4D8F-99BF-3034BCA4CDA6}.Release|Any CPU.Build.0 = Release|Any CPU
		{16A8B366-A1FD-44A9-9266-4589145B468E}.Debug|Any CPU.ActiveCfg = Debug|Any CPU
		{16A8B366-A1FD-44A9-9266-4589145B468E}.Debug|Any CPU.Build.0 = Debug|Any CPU
		{16A8B366-A1FD-44A9-9266-4589145B468E}.Release|Any CPU.ActiveCfg = Release|Any CPU
		{16A8B366-A1FD-44A9-9266-4589145B468E}.Release|Any CPU.Build.0 = Release|Any CPU
		{529F1F53-84C4-4DB9-B357-CBF3F30C9522}.Debug|Any CPU.ActiveCfg = Debug|Any CPU
		{529F1F53-84C4-4DB9-B357-CBF3F30C9522}.Debug|Any CPU.Build.0 = Debug|Any CPU
		{529F1F53-84C4-4DB9-B357-CBF3F30C9522}.Release|Any CPU.ActiveCfg = Release|Any CPU
		{529F1F53-84C4-4DB9-B357-CBF3F30C9522}.Release|Any CPU.Build.0 = Release|Any CPU
	EndGlobalSection
	GlobalSection(SolutionProperties) = preSolution
		HideSolutionNode = FALSE
	EndGlobalSection
	GlobalSection(NestedProjects) = preSolution
		{4E3BDEFA-B4C7-4AAC-8148-FF03044E0CA4} = {A256DC50-E0BF-4702-87FE-8927F37DD978}
		{AFC2EF89-8695-4712-92BB-05AE0F982812} = {A256DC50-E0BF-4702-87FE-8927F37DD978}
		{9949E0C0-F1D1-410B-9AD2-DE60F9C98CF2} = {A256DC50-E0BF-4702-87FE-8927F37DD978}
		{1625EA91-9031-48CE-9D5C-20100B137B2C} = {A256DC50-E0BF-4702-87FE-8927F37DD978}
		{B0C3224E-6BA2-434E-B9F9-8DE45A4095A5} = {A256DC50-E0BF-4702-87FE-8927F37DD978}
		{930CEE46-BFE9-4149-910E-4C4725CD305C} = {A256DC50-E0BF-4702-87FE-8927F37DD978}
		{3569CFCD-5B8F-4E39-8292-33BFC49DE927} = {A256DC50-E0BF-4702-87FE-8927F37DD978}
		{8E1FF307-C59B-428D-9769-9A53B4CB81A4} = {A256DC50-E0BF-4702-87FE-8927F37DD978}
		{922E9CB4-168D-4D66-BCBD-4A6D8C5F50E6} = {B027E4C1-51EA-4907-9A4B-C483824CF3C8}
		{ED3AB5F1-941D-4D8F-99BF-3034BCA4CDA6} = {B027E4C1-51EA-4907-9A4B-C483824CF3C8}
		{16A8B366-A1FD-44A9-9266-4589145B468E} = {B027E4C1-51EA-4907-9A4B-C483824CF3C8}
		{529F1F53-84C4-4DB9-B357-CBF3F30C9522} = {E7148165-B443-4920-8D92-9C43BB2979B3}
	EndGlobalSection
	GlobalSection(ExtensibilityGlobals) = postSolution
		SolutionGuid = {8096EF1D-E4BF-42A8-A2C2-9519DEC89CE2}
	EndGlobalSection
EndGlobal
